// !$*UTF8*$!
{
	archiveVersion = 1;
	classes = {
	};
	objectVersion = 56;
	objects = {

/* Begin PBXBuildFile section */
		4F0704672A4E9ACD00A73949 /* scaredAudio.mp3 in Resources */ = {isa = PBXBuildFile; fileRef = 4F0704662A4E9ACD00A73949 /* scaredAudio.mp3 */; };
		4F0704692A4E9AD800A73949 /* mountainSearch.mp3 in Resources */ = {isa = PBXBuildFile; fileRef = 4F0704682A4E9AD800A73949 /* mountainSearch.mp3 */; };
		4F07046B2A4E9AE100A73949 /* tamak.mp3 in Resources */ = {isa = PBXBuildFile; fileRef = 4F07046A2A4E9AE100A73949 /* tamak.mp3 */; };
		4F07046D2A4E9AEA00A73949 /* tyshesumasoshel.mp3 in Resources */ = {isa = PBXBuildFile; fileRef = 4F07046C2A4E9AEA00A73949 /* tyshesumasoshel.mp3 */; };
		FE00D0092A4DDF4A0090276A /* MainView.swift in Sources */ = {isa = PBXBuildFile; fileRef = FE00D0082A4DDF4A0090276A /* MainView.swift */; };
		FE10D9A92A4E2B9300CAF339 /* DalidaView.swift in Sources */ = {isa = PBXBuildFile; fileRef = FE10D9A82A4E2B9300CAF339 /* DalidaView.swift */; };
		FE3359A32A4DBB280076B3D1 /* nFactorialAtHogwartsApp.swift in Sources */ = {isa = PBXBuildFile; fileRef = FE3359A22A4DBB280076B3D1 /* nFactorialAtHogwartsApp.swift */; };
		FE3359A72A4DBB2C0076B3D1 /* Assets.xcassets in Resources */ = {isa = PBXBuildFile; fileRef = FE3359A62A4DBB2C0076B3D1 /* Assets.xcassets */; };
		FE3359AA2A4DBB2C0076B3D1 /* Preview Assets.xcassets in Resources */ = {isa = PBXBuildFile; fileRef = FE3359A92A4DBB2C0076B3D1 /* Preview Assets.xcassets */; };
		FE3359AC2A4DBB2C0076B3D1 /* Persistence.swift in Sources */ = {isa = PBXBuildFile; fileRef = FE3359AB2A4DBB2C0076B3D1 /* Persistence.swift */; };
		FE3359AF2A4DBB2C0076B3D1 /* nFactorialAtHogwarts.xcdatamodeld in Sources */ = {isa = PBXBuildFile; fileRef = FE3359AD2A4DBB2C0076B3D1 /* nFactorialAtHogwarts.xcdatamodeld */; };
		FE3359B92A4DBB2C0076B3D1 /* nFactorialAtHogwartsTests.swift in Sources */ = {isa = PBXBuildFile; fileRef = FE3359B82A4DBB2C0076B3D1 /* nFactorialAtHogwartsTests.swift */; };
		FE3359C32A4DBB2C0076B3D1 /* nFactorialAtHogwartsUITests.swift in Sources */ = {isa = PBXBuildFile; fileRef = FE3359C22A4DBB2C0076B3D1 /* nFactorialAtHogwartsUITests.swift */; };
		FE3359C52A4DBB2C0076B3D1 /* nFactorialAtHogwartsUITestsLaunchTests.swift in Sources */ = {isa = PBXBuildFile; fileRef = FE3359C42A4DBB2C0076B3D1 /* nFactorialAtHogwartsUITestsLaunchTests.swift */; };
		FE3359D32A4DC5510076B3D1 /* HedwigsTheme.mp3 in Resources */ = {isa = PBXBuildFile; fileRef = FE3359D22A4DC5500076B3D1 /* HedwigsTheme.mp3 */; };
		FEA081792A4E90990039E556 /* AbokaView.swift in Sources */ = {isa = PBXBuildFile; fileRef = FEA081782A4E90990039E556 /* AbokaView.swift */; };
		FEA0817D2A4E935C0039E556 /* AlibekView.swift in Sources */ = {isa = PBXBuildFile; fileRef = FEA0817C2A4E935B0039E556 /* AlibekView.swift */; };
		FEA081802A4E93AD0039E556 /* KhavizView.swift in Sources */ = {isa = PBXBuildFile; fileRef = FEA0817E2A4E93AC0039E556 /* KhavizView.swift */; };
		FEA081812A4E93AD0039E556 /* FlappyGameView.swift in Sources */ = {isa = PBXBuildFile; fileRef = FEA0817F2A4E93AD0039E556 /* FlappyGameView.swift */; };
		FEA081832A4E94920039E556 /* ContentView.swift in Sources */ = {isa = PBXBuildFile; fileRef = FEA081822A4E94920039E556 /* ContentView.swift */; };
		FEA081852A4E96970039E556 /* GameView.swift in Sources */ = {isa = PBXBuildFile; fileRef = FEA081842A4E96970039E556 /* GameView.swift */; };
/* End PBXBuildFile section */

/* Begin PBXContainerItemProxy section */
		FE3359B52A4DBB2C0076B3D1 /* PBXContainerItemProxy */ = {
			isa = PBXContainerItemProxy;
			containerPortal = FE3359972A4DBB280076B3D1 /* Project object */;
			proxyType = 1;
			remoteGlobalIDString = FE33599E2A4DBB280076B3D1;
			remoteInfo = nFactorialAtHogwarts;
		};
		FE3359BF2A4DBB2C0076B3D1 /* PBXContainerItemProxy */ = {
			isa = PBXContainerItemProxy;
			containerPortal = FE3359972A4DBB280076B3D1 /* Project object */;
			proxyType = 1;
			remoteGlobalIDString = FE33599E2A4DBB280076B3D1;
			remoteInfo = nFactorialAtHogwarts;
		};
/* End PBXContainerItemProxy section */

/* Begin PBXFileReference section */
		4F0704662A4E9ACD00A73949 /* scaredAudio.mp3 */ = {isa = PBXFileReference; lastKnownFileType = audio.mp3; path = scaredAudio.mp3; sourceTree = "<group>"; };
		4F0704682A4E9AD800A73949 /* mountainSearch.mp3 */ = {isa = PBXFileReference; lastKnownFileType = audio.mp3; path = mountainSearch.mp3; sourceTree = "<group>"; };
		4F07046A2A4E9AE100A73949 /* tamak.mp3 */ = {isa = PBXFileReference; lastKnownFileType = audio.mp3; path = tamak.mp3; sourceTree = "<group>"; };
		4F07046C2A4E9AEA00A73949 /* tyshesumasoshel.mp3 */ = {isa = PBXFileReference; lastKnownFileType = audio.mp3; path = tyshesumasoshel.mp3; sourceTree = "<group>"; };
		4F07046E2A4E9B1700A73949 /* TiredAudio 2.m4a */ = {isa = PBXFileReference; lastKnownFileType = file; path = "TiredAudio 2.m4a"; sourceTree = "<group>"; };
		4F07046F2A4E9B3500A73949 /* sleep.m4a */ = {isa = PBXFileReference; lastKnownFileType = file; name = sleep.m4a; path = nFactorialAtHogwarts/Assets.xcassets/Sleep.mp3.dataset/sleep.m4a; sourceTree = SOURCE_ROOT; };
		FE00D0082A4DDF4A0090276A /* MainView.swift */ = {isa = PBXFileReference; lastKnownFileType = sourcecode.swift; path = MainView.swift; sourceTree = "<group>"; };
		FE10D9A82A4E2B9300CAF339 /* DalidaView.swift */ = {isa = PBXFileReference; lastKnownFileType = sourcecode.swift; path = DalidaView.swift; sourceTree = "<group>"; };
		FE33599F2A4DBB280076B3D1 /* nFactorialAtHogwarts.app */ = {isa = PBXFileReference; explicitFileType = wrapper.application; includeInIndex = 0; path = nFactorialAtHogwarts.app; sourceTree = BUILT_PRODUCTS_DIR; };
		FE3359A22A4DBB280076B3D1 /* nFactorialAtHogwartsApp.swift */ = {isa = PBXFileReference; lastKnownFileType = sourcecode.swift; path = nFactorialAtHogwartsApp.swift; sourceTree = "<group>"; };
		FE3359A62A4DBB2C0076B3D1 /* Assets.xcassets */ = {isa = PBXFileReference; lastKnownFileType = folder.assetcatalog; path = Assets.xcassets; sourceTree = "<group>"; };
		FE3359A92A4DBB2C0076B3D1 /* Preview Assets.xcassets */ = {isa = PBXFileReference; lastKnownFileType = folder.assetcatalog; path = "Preview Assets.xcassets"; sourceTree = "<group>"; };
		FE3359AB2A4DBB2C0076B3D1 /* Persistence.swift */ = {isa = PBXFileReference; lastKnownFileType = sourcecode.swift; path = Persistence.swift; sourceTree = "<group>"; };
		FE3359AE2A4DBB2C0076B3D1 /* nFactorialAtHogwarts.xcdatamodel */ = {isa = PBXFileReference; lastKnownFileType = wrapper.xcdatamodel; path = nFactorialAtHogwarts.xcdatamodel; sourceTree = "<group>"; };
		FE3359B42A4DBB2C0076B3D1 /* nFactorialAtHogwartsTests.xctest */ = {isa = PBXFileReference; explicitFileType = wrapper.cfbundle; includeInIndex = 0; path = nFactorialAtHogwartsTests.xctest; sourceTree = BUILT_PRODUCTS_DIR; };
		FE3359B82A4DBB2C0076B3D1 /* nFactorialAtHogwartsTests.swift */ = {isa = PBXFileReference; lastKnownFileType = sourcecode.swift; path = nFactorialAtHogwartsTests.swift; sourceTree = "<group>"; };
		FE3359BE2A4DBB2C0076B3D1 /* nFactorialAtHogwartsUITests.xctest */ = {isa = PBXFileReference; explicitFileType = wrapper.cfbundle; includeInIndex = 0; path = nFactorialAtHogwartsUITests.xctest; sourceTree = BUILT_PRODUCTS_DIR; };
		FE3359C22A4DBB2C0076B3D1 /* nFactorialAtHogwartsUITests.swift */ = {isa = PBXFileReference; lastKnownFileType = sourcecode.swift; path = nFactorialAtHogwartsUITests.swift; sourceTree = "<group>"; };
		FE3359C42A4DBB2C0076B3D1 /* nFactorialAtHogwartsUITestsLaunchTests.swift */ = {isa = PBXFileReference; lastKnownFileType = sourcecode.swift; path = nFactorialAtHogwartsUITestsLaunchTests.swift; sourceTree = "<group>"; };
		FE3359D22A4DC5500076B3D1 /* HedwigsTheme.mp3 */ = {isa = PBXFileReference; lastKnownFileType = audio.mp3; path = HedwigsTheme.mp3; sourceTree = "<group>"; };
		FEA081782A4E90990039E556 /* AbokaView.swift */ = {isa = PBXFileReference; lastKnownFileType = sourcecode.swift; path = AbokaView.swift; sourceTree = "<group>"; };
		FEA0817C2A4E935B0039E556 /* AlibekView.swift */ = {isa = PBXFileReference; fileEncoding = 4; lastKnownFileType = sourcecode.swift; path = AlibekView.swift; sourceTree = "<group>"; };
		FEA0817E2A4E93AC0039E556 /* KhavizView.swift */ = {isa = PBXFileReference; fileEncoding = 4; lastKnownFileType = sourcecode.swift; path = KhavizView.swift; sourceTree = "<group>"; };
		FEA0817F2A4E93AD0039E556 /* FlappyGameView.swift */ = {isa = PBXFileReference; fileEncoding = 4; lastKnownFileType = sourcecode.swift; path = FlappyGameView.swift; sourceTree = "<group>"; };
		FEA081822A4E94920039E556 /* ContentView.swift */ = {isa = PBXFileReference; fileEncoding = 4; lastKnownFileType = sourcecode.swift; path = ContentView.swift; sourceTree = "<group>"; };
		FEA081842A4E96970039E556 /* GameView.swift */ = {isa = PBXFileReference; lastKnownFileType = sourcecode.swift; path = GameView.swift; sourceTree = "<group>"; };
/* End PBXFileReference section */

/* Begin PBXFrameworksBuildPhase section */
		FE33599C2A4DBB280076B3D1 /* Frameworks */ = {
			isa = PBXFrameworksBuildPhase;
			buildActionMask = 2147483647;
			files = (
			);
			runOnlyForDeploymentPostprocessing = 0;
		};
		FE3359B12A4DBB2C0076B3D1 /* Frameworks */ = {
			isa = PBXFrameworksBuildPhase;
			buildActionMask = 2147483647;
			files = (
			);
			runOnlyForDeploymentPostprocessing = 0;
		};
		FE3359BB2A4DBB2C0076B3D1 /* Frameworks */ = {
			isa = PBXFrameworksBuildPhase;
			buildActionMask = 2147483647;
			files = (
			);
			runOnlyForDeploymentPostprocessing = 0;
		};
/* End PBXFrameworksBuildPhase section */

/* Begin PBXGroup section */
		FE3359962A4DBB280076B3D1 = {
			isa = PBXGroup;
			children = (
				FE3359A12A4DBB280076B3D1 /* nFactorialAtHogwarts */,
				FE3359B72A4DBB2C0076B3D1 /* nFactorialAtHogwartsTests */,
				FE3359C12A4DBB2C0076B3D1 /* nFactorialAtHogwartsUITests */,
				FE3359A02A4DBB280076B3D1 /* Products */,
			);
			sourceTree = "<group>";
		};
		FE3359A02A4DBB280076B3D1 /* Products */ = {
			isa = PBXGroup;
			children = (
				FE33599F2A4DBB280076B3D1 /* nFactorialAtHogwarts.app */,
				FE3359B42A4DBB2C0076B3D1 /* nFactorialAtHogwartsTests.xctest */,
				FE3359BE2A4DBB2C0076B3D1 /* nFactorialAtHogwartsUITests.xctest */,
			);
			name = Products;
			sourceTree = "<group>";
		};
		FE3359A12A4DBB280076B3D1 /* nFactorialAtHogwarts */ = {
			isa = PBXGroup;
			children = (
				FEA081822A4E94920039E556 /* ContentView.swift */,
				FEA0817C2A4E935B0039E556 /* AlibekView.swift */,
				FEA0817F2A4E93AD0039E556 /* FlappyGameView.swift */,
				FEA0817E2A4E93AC0039E556 /* KhavizView.swift */,
				FE3359D12A4DC52B0076B3D1 /* Media */,
				FE3359A22A4DBB280076B3D1 /* nFactorialAtHogwartsApp.swift */,
				FE3359A62A4DBB2C0076B3D1 /* Assets.xcassets */,
				FE3359AB2A4DBB2C0076B3D1 /* Persistence.swift */,
				FE3359AD2A4DBB2C0076B3D1 /* nFactorialAtHogwarts.xcdatamodeld */,
				FE3359A82A4DBB2C0076B3D1 /* Preview Content */,
				FE00D0082A4DDF4A0090276A /* MainView.swift */,
				FE10D9A82A4E2B9300CAF339 /* DalidaView.swift */,
				FEA081782A4E90990039E556 /* AbokaView.swift */,
				FEA081842A4E96970039E556 /* GameView.swift */,
			);
			path = nFactorialAtHogwarts;
			sourceTree = "<group>";
		};
		FE3359A82A4DBB2C0076B3D1 /* Preview Content */ = {
			isa = PBXGroup;
			children = (
				FE3359A92A4DBB2C0076B3D1 /* Preview Assets.xcassets */,
			);
			path = "Preview Content";
			sourceTree = "<group>";
		};
		FE3359B72A4DBB2C0076B3D1 /* nFactorialAtHogwartsTests */ = {
			isa = PBXGroup;
			children = (
				FE3359B82A4DBB2C0076B3D1 /* nFactorialAtHogwartsTests.swift */,
			);
			path = nFactorialAtHogwartsTests;
			sourceTree = "<group>";
		};
		FE3359C12A4DBB2C0076B3D1 /* nFactorialAtHogwartsUITests */ = {
			isa = PBXGroup;
			children = (
				FE3359C22A4DBB2C0076B3D1 /* nFactorialAtHogwartsUITests.swift */,
				FE3359C42A4DBB2C0076B3D1 /* nFactorialAtHogwartsUITestsLaunchTests.swift */,
			);
			path = nFactorialAtHogwartsUITests;
			sourceTree = "<group>";
		};
		FE3359D12A4DC52B0076B3D1 /* Media */ = {
			isa = PBXGroup;
			children = (
				4F07046C2A4E9AEA00A73949 /* tyshesumasoshel.mp3 */,
				4F0704682A4E9AD800A73949 /* mountainSearch.mp3 */,
				4F07046F2A4E9B3500A73949 /* sleep.m4a */,
				4F07046A2A4E9AE100A73949 /* tamak.mp3 */,
				4F07046E2A4E9B1700A73949 /* TiredAudio 2.m4a */,
				4F0704662A4E9ACD00A73949 /* scaredAudio.mp3 */,
				FE3359D22A4DC5500076B3D1 /* HedwigsTheme.mp3 */,
			);
			path = Media;
			sourceTree = "<group>";
		};
/* End PBXGroup section */

/* Begin PBXNativeTarget section */
		FE33599E2A4DBB280076B3D1 /* nFactorialAtHogwarts */ = {
			isa = PBXNativeTarget;
			buildConfigurationList = FE3359C82A4DBB2C0076B3D1 /* Build configuration list for PBXNativeTarget "nFactorialAtHogwarts" */;
			buildPhases = (
				FE33599B2A4DBB280076B3D1 /* Sources */,
				FE33599C2A4DBB280076B3D1 /* Frameworks */,
				FE33599D2A4DBB280076B3D1 /* Resources */,
			);
			buildRules = (
			);
			dependencies = (
			);
			name = nFactorialAtHogwarts;
			productName = nFactorialAtHogwarts;
			productReference = FE33599F2A4DBB280076B3D1 /* nFactorialAtHogwarts.app */;
			productType = "com.apple.product-type.application";
		};
		FE3359B32A4DBB2C0076B3D1 /* nFactorialAtHogwartsTests */ = {
			isa = PBXNativeTarget;
			buildConfigurationList = FE3359CB2A4DBB2C0076B3D1 /* Build configuration list for PBXNativeTarget "nFactorialAtHogwartsTests" */;
			buildPhases = (
				FE3359B02A4DBB2C0076B3D1 /* Sources */,
				FE3359B12A4DBB2C0076B3D1 /* Frameworks */,
				FE3359B22A4DBB2C0076B3D1 /* Resources */,
			);
			buildRules = (
			);
			dependencies = (
				FE3359B62A4DBB2C0076B3D1 /* PBXTargetDependency */,
			);
			name = nFactorialAtHogwartsTests;
			productName = nFactorialAtHogwartsTests;
			productReference = FE3359B42A4DBB2C0076B3D1 /* nFactorialAtHogwartsTests.xctest */;
			productType = "com.apple.product-type.bundle.unit-test";
		};
		FE3359BD2A4DBB2C0076B3D1 /* nFactorialAtHogwartsUITests */ = {
			isa = PBXNativeTarget;
			buildConfigurationList = FE3359CE2A4DBB2C0076B3D1 /* Build configuration list for PBXNativeTarget "nFactorialAtHogwartsUITests" */;
			buildPhases = (
				FE3359BA2A4DBB2C0076B3D1 /* Sources */,
				FE3359BB2A4DBB2C0076B3D1 /* Frameworks */,
				FE3359BC2A4DBB2C0076B3D1 /* Resources */,
			);
			buildRules = (
			);
			dependencies = (
				FE3359C02A4DBB2C0076B3D1 /* PBXTargetDependency */,
			);
			name = nFactorialAtHogwartsUITests;
			productName = nFactorialAtHogwartsUITests;
			productReference = FE3359BE2A4DBB2C0076B3D1 /* nFactorialAtHogwartsUITests.xctest */;
			productType = "com.apple.product-type.bundle.ui-testing";
		};
/* End PBXNativeTarget section */

/* Begin PBXProject section */
		FE3359972A4DBB280076B3D1 /* Project object */ = {
			isa = PBXProject;
			attributes = {
				BuildIndependentTargetsInParallel = 1;
				LastSwiftUpdateCheck = 1410;
				LastUpgradeCheck = 1410;
				TargetAttributes = {
					FE33599E2A4DBB280076B3D1 = {
						CreatedOnToolsVersion = 14.1;
					};
					FE3359B32A4DBB2C0076B3D1 = {
						CreatedOnToolsVersion = 14.1;
						TestTargetID = FE33599E2A4DBB280076B3D1;
					};
					FE3359BD2A4DBB2C0076B3D1 = {
						CreatedOnToolsVersion = 14.1;
						TestTargetID = FE33599E2A4DBB280076B3D1;
					};
				};
			};
			buildConfigurationList = FE33599A2A4DBB280076B3D1 /* Build configuration list for PBXProject "nFactorialAtHogwarts" */;
			compatibilityVersion = "Xcode 14.0";
			developmentRegion = en;
			hasScannedForEncodings = 0;
			knownRegions = (
				en,
				Base,
			);
			mainGroup = FE3359962A4DBB280076B3D1;
			productRefGroup = FE3359A02A4DBB280076B3D1 /* Products */;
			projectDirPath = "";
			projectRoot = "";
			targets = (
				FE33599E2A4DBB280076B3D1 /* nFactorialAtHogwarts */,
				FE3359B32A4DBB2C0076B3D1 /* nFactorialAtHogwartsTests */,
				FE3359BD2A4DBB2C0076B3D1 /* nFactorialAtHogwartsUITests */,
			);
		};
/* End PBXProject section */

/* Begin PBXResourcesBuildPhase section */
		FE33599D2A4DBB280076B3D1 /* Resources */ = {
			isa = PBXResourcesBuildPhase;
			buildActionMask = 2147483647;
			files = (
				FE3359AA2A4DBB2C0076B3D1 /* Preview Assets.xcassets in Resources */,
				4F07046D2A4E9AEA00A73949 /* tyshesumasoshel.mp3 in Resources */,
				4F0704672A4E9ACD00A73949 /* scaredAudio.mp3 in Resources */,
				FE3359A72A4DBB2C0076B3D1 /* Assets.xcassets in Resources */,
				FE3359D32A4DC5510076B3D1 /* HedwigsTheme.mp3 in Resources */,
				4F0704692A4E9AD800A73949 /* mountainSearch.mp3 in Resources */,
				4F07046B2A4E9AE100A73949 /* tamak.mp3 in Resources */,
			);
			runOnlyForDeploymentPostprocessing = 0;
		};
		FE3359B22A4DBB2C0076B3D1 /* Resources */ = {
			isa = PBXResourcesBuildPhase;
			buildActionMask = 2147483647;
			files = (
			);
			runOnlyForDeploymentPostprocessing = 0;
		};
		FE3359BC2A4DBB2C0076B3D1 /* Resources */ = {
			isa = PBXResourcesBuildPhase;
			buildActionMask = 2147483647;
			files = (
			);
			runOnlyForDeploymentPostprocessing = 0;
		};
/* End PBXResourcesBuildPhase section */

/* Begin PBXSourcesBuildPhase section */
		FE33599B2A4DBB280076B3D1 /* Sources */ = {
			isa = PBXSourcesBuildPhase;
			buildActionMask = 2147483647;
			files = (
				FEA0817D2A4E935C0039E556 /* AlibekView.swift in Sources */,
				FE3359AF2A4DBB2C0076B3D1 /* nFactorialAtHogwarts.xcdatamodeld in Sources */,
				FE10D9A92A4E2B9300CAF339 /* DalidaView.swift in Sources */,
				FEA081802A4E93AD0039E556 /* KhavizView.swift in Sources */,
				FEA081792A4E90990039E556 /* AbokaView.swift in Sources */,
				FEA081852A4E96970039E556 /* GameView.swift in Sources */,
				FE3359AC2A4DBB2C0076B3D1 /* Persistence.swift in Sources */,
				FEA081832A4E94920039E556 /* ContentView.swift in Sources */,
				FE00D0092A4DDF4A0090276A /* MainView.swift in Sources */,
				FEA081812A4E93AD0039E556 /* FlappyGameView.swift in Sources */,
				FE3359A32A4DBB280076B3D1 /* nFactorialAtHogwartsApp.swift in Sources */,
			);
			runOnlyForDeploymentPostprocessing = 0;
		};
		FE3359B02A4DBB2C0076B3D1 /* Sources */ = {
			isa = PBXSourcesBuildPhase;
			buildActionMask = 2147483647;
			files = (
				FE3359B92A4DBB2C0076B3D1 /* nFactorialAtHogwartsTests.swift in Sources */,
			);
			runOnlyForDeploymentPostprocessing = 0;
		};
		FE3359BA2A4DBB2C0076B3D1 /* Sources */ = {
			isa = PBXSourcesBuildPhase;
			buildActionMask = 2147483647;
			files = (
				FE3359C32A4DBB2C0076B3D1 /* nFactorialAtHogwartsUITests.swift in Sources */,
				FE3359C52A4DBB2C0076B3D1 /* nFactorialAtHogwartsUITestsLaunchTests.swift in Sources */,
			);
			runOnlyForDeploymentPostprocessing = 0;
		};
/* End PBXSourcesBuildPhase section */

/* Begin PBXTargetDependency section */
		FE3359B62A4DBB2C0076B3D1 /* PBXTargetDependency */ = {
			isa = PBXTargetDependency;
			target = FE33599E2A4DBB280076B3D1 /* nFactorialAtHogwarts */;
			targetProxy = FE3359B52A4DBB2C0076B3D1 /* PBXContainerItemProxy */;
		};
		FE3359C02A4DBB2C0076B3D1 /* PBXTargetDependency */ = {
			isa = PBXTargetDependency;
			target = FE33599E2A4DBB280076B3D1 /* nFactorialAtHogwarts */;
			targetProxy = FE3359BF2A4DBB2C0076B3D1 /* PBXContainerItemProxy */;
		};
/* End PBXTargetDependency section */

/* Begin XCBuildConfiguration section */
		FE3359C62A4DBB2C0076B3D1 /* Debug */ = {
			isa = XCBuildConfiguration;
			buildSettings = {
				ALWAYS_SEARCH_USER_PATHS = NO;
				CLANG_ANALYZER_NONNULL = YES;
				CLANG_ANALYZER_NUMBER_OBJECT_CONVERSION = YES_AGGRESSIVE;
				CLANG_CXX_LANGUAGE_STANDARD = "gnu++20";
				CLANG_ENABLE_MODULES = YES;
				CLANG_ENABLE_OBJC_ARC = YES;
				CLANG_ENABLE_OBJC_WEAK = YES;
				CLANG_WARN_BLOCK_CAPTURE_AUTORELEASING = YES;
				CLANG_WARN_BOOL_CONVERSION = YES;
				CLANG_WARN_COMMA = YES;
				CLANG_WARN_CONSTANT_CONVERSION = YES;
				CLANG_WARN_DEPRECATED_OBJC_IMPLEMENTATIONS = YES;
				CLANG_WARN_DIRECT_OBJC_ISA_USAGE = YES_ERROR;
				CLANG_WARN_DOCUMENTATION_COMMENTS = YES;
				CLANG_WARN_EMPTY_BODY = YES;
				CLANG_WARN_ENUM_CONVERSION = YES;
				CLANG_WARN_INFINITE_RECURSION = YES;
				CLANG_WARN_INT_CONVERSION = YES;
				CLANG_WARN_NON_LITERAL_NULL_CONVERSION = YES;
				CLANG_WARN_OBJC_IMPLICIT_RETAIN_SELF = YES;
				CLANG_WARN_OBJC_LITERAL_CONVERSION = YES;
				CLANG_WARN_OBJC_ROOT_CLASS = YES_ERROR;
				CLANG_WARN_QUOTED_INCLUDE_IN_FRAMEWORK_HEADER = YES;
				CLANG_WARN_RANGE_LOOP_ANALYSIS = YES;
				CLANG_WARN_STRICT_PROTOTYPES = YES;
				CLANG_WARN_SUSPICIOUS_MOVE = YES;
				CLANG_WARN_UNGUARDED_AVAILABILITY = YES_AGGRESSIVE;
				CLANG_WARN_UNREACHABLE_CODE = YES;
				CLANG_WARN__DUPLICATE_METHOD_MATCH = YES;
				COPY_PHASE_STRIP = NO;
				DEBUG_INFORMATION_FORMAT = dwarf;
				ENABLE_STRICT_OBJC_MSGSEND = YES;
				ENABLE_TESTABILITY = YES;
				GCC_C_LANGUAGE_STANDARD = gnu11;
				GCC_DYNAMIC_NO_PIC = NO;
				GCC_NO_COMMON_BLOCKS = YES;
				GCC_OPTIMIZATION_LEVEL = 0;
				GCC_PREPROCESSOR_DEFINITIONS = (
					"DEBUG=1",
					"$(inherited)",
				);
				GCC_WARN_64_TO_32_BIT_CONVERSION = YES;
				GCC_WARN_ABOUT_RETURN_TYPE = YES_ERROR;
				GCC_WARN_UNDECLARED_SELECTOR = YES;
				GCC_WARN_UNINITIALIZED_AUTOS = YES_AGGRESSIVE;
				GCC_WARN_UNUSED_FUNCTION = YES;
				GCC_WARN_UNUSED_VARIABLE = YES;
				IPHONEOS_DEPLOYMENT_TARGET = 16.1;
				MTL_ENABLE_DEBUG_INFO = INCLUDE_SOURCE;
				MTL_FAST_MATH = YES;
				ONLY_ACTIVE_ARCH = YES;
				SDKROOT = iphoneos;
				SWIFT_ACTIVE_COMPILATION_CONDITIONS = DEBUG;
				SWIFT_OPTIMIZATION_LEVEL = "-Onone";
			};
			name = Debug;
		};
		FE3359C72A4DBB2C0076B3D1 /* Release */ = {
			isa = XCBuildConfiguration;
			buildSettings = {
				ALWAYS_SEARCH_USER_PATHS = NO;
				CLANG_ANALYZER_NONNULL = YES;
				CLANG_ANALYZER_NUMBER_OBJECT_CONVERSION = YES_AGGRESSIVE;
				CLANG_CXX_LANGUAGE_STANDARD = "gnu++20";
				CLANG_ENABLE_MODULES = YES;
				CLANG_ENABLE_OBJC_ARC = YES;
				CLANG_ENABLE_OBJC_WEAK = YES;
				CLANG_WARN_BLOCK_CAPTURE_AUTORELEASING = YES;
				CLANG_WARN_BOOL_CONVERSION = YES;
				CLANG_WARN_COMMA = YES;
				CLANG_WARN_CONSTANT_CONVERSION = YES;
				CLANG_WARN_DEPRECATED_OBJC_IMPLEMENTATIONS = YES;
				CLANG_WARN_DIRECT_OBJC_ISA_USAGE = YES_ERROR;
				CLANG_WARN_DOCUMENTATION_COMMENTS = YES;
				CLANG_WARN_EMPTY_BODY = YES;
				CLANG_WARN_ENUM_CONVERSION = YES;
				CLANG_WARN_INFINITE_RECURSION = YES;
				CLANG_WARN_INT_CONVERSION = YES;
				CLANG_WARN_NON_LITERAL_NULL_CONVERSION = YES;
				CLANG_WARN_OBJC_IMPLICIT_RETAIN_SELF = YES;
				CLANG_WARN_OBJC_LITERAL_CONVERSION = YES;
				CLANG_WARN_OBJC_ROOT_CLASS = YES_ERROR;
				CLANG_WARN_QUOTED_INCLUDE_IN_FRAMEWORK_HEADER = YES;
				CLANG_WARN_RANGE_LOOP_ANALYSIS = YES;
				CLANG_WARN_STRICT_PROTOTYPES = YES;
				CLANG_WARN_SUSPICIOUS_MOVE = YES;
				CLANG_WARN_UNGUARDED_AVAILABILITY = YES_AGGRESSIVE;
				CLANG_WARN_UNREACHABLE_CODE = YES;
				CLANG_WARN__DUPLICATE_METHOD_MATCH = YES;
				COPY_PHASE_STRIP = NO;
				DEBUG_INFORMATION_FORMAT = "dwarf-with-dsym";
				ENABLE_NS_ASSERTIONS = NO;
				ENABLE_STRICT_OBJC_MSGSEND = YES;
				GCC_C_LANGUAGE_STANDARD = gnu11;
				GCC_NO_COMMON_BLOCKS = YES;
				GCC_WARN_64_TO_32_BIT_CONVERSION = YES;
				GCC_WARN_ABOUT_RETURN_TYPE = YES_ERROR;
				GCC_WARN_UNDECLARED_SELECTOR = YES;
				GCC_WARN_UNINITIALIZED_AUTOS = YES_AGGRESSIVE;
				GCC_WARN_UNUSED_FUNCTION = YES;
				GCC_WARN_UNUSED_VARIABLE = YES;
				IPHONEOS_DEPLOYMENT_TARGET = 16.1;
				MTL_ENABLE_DEBUG_INFO = NO;
				MTL_FAST_MATH = YES;
				SDKROOT = iphoneos;
				SWIFT_COMPILATION_MODE = wholemodule;
				SWIFT_OPTIMIZATION_LEVEL = "-O";
				VALIDATE_PRODUCT = YES;
			};
			name = Release;
		};
		FE3359C92A4DBB2C0076B3D1 /* Debug */ = {
			isa = XCBuildConfiguration;
			buildSettings = {
				ASSETCATALOG_COMPILER_APPICON_NAME = AppIcon;
				ASSETCATALOG_COMPILER_GLOBAL_ACCENT_COLOR_NAME = AccentColor;
				CODE_SIGN_STYLE = Automatic;
				CURRENT_PROJECT_VERSION = 1;
				DEVELOPMENT_ASSET_PATHS = "\"nFactorialAtHogwarts/Preview Content\"";
				DEVELOPMENT_TEAM = 5L5YRGU8Z8;
				ENABLE_PREVIEWS = YES;
				GENERATE_INFOPLIST_FILE = YES;
				INFOPLIST_KEY_UIApplicationSceneManifest_Generation = YES;
				INFOPLIST_KEY_UIApplicationSupportsIndirectInputEvents = YES;
				INFOPLIST_KEY_UILaunchScreen_Generation = YES;
				INFOPLIST_KEY_UISupportedInterfaceOrientations_iPad = "UIInterfaceOrientationPortrait UIInterfaceOrientationPortraitUpsideDown UIInterfaceOrientationLandscapeLeft UIInterfaceOrientationLandscapeRight";
				INFOPLIST_KEY_UISupportedInterfaceOrientations_iPhone = "UIInterfaceOrientationPortrait UIInterfaceOrientationLandscapeLeft UIInterfaceOrientationLandscapeRight";
				LD_RUNPATH_SEARCH_PATHS = (
					"$(inherited)",
					"@executable_path/Frameworks",
				);
				MARKETING_VERSION = 1.0;
				PRODUCT_BUNDLE_IDENTIFIER = com.nFactorialIncubator.nFactorialAtHogwarts;
				PRODUCT_NAME = "$(TARGET_NAME)";
				SWIFT_EMIT_LOC_STRINGS = YES;
				SWIFT_VERSION = 5.0;
				TARGETED_DEVICE_FAMILY = "1,2";
			};
			name = Debug;
		};
		FE3359CA2A4DBB2C0076B3D1 /* Release */ = {
			isa = XCBuildConfiguration;
			buildSettings = {
				ASSETCATALOG_COMPILER_APPICON_NAME = AppIcon;
				ASSETCATALOG_COMPILER_GLOBAL_ACCENT_COLOR_NAME = AccentColor;
				CODE_SIGN_STYLE = Automatic;
				CURRENT_PROJECT_VERSION = 1;
				DEVELOPMENT_ASSET_PATHS = "\"nFactorialAtHogwarts/Preview Content\"";
				DEVELOPMENT_TEAM = 5L5YRGU8Z8;
				ENABLE_PREVIEWS = YES;
				GENERATE_INFOPLIST_FILE = YES;
				INFOPLIST_KEY_UIApplicationSceneManifest_Generation = YES;
				INFOPLIST_KEY_UIApplicationSupportsIndirectInputEvents = YES;
				INFOPLIST_KEY_UILaunchScreen_Generation = YES;
				INFOPLIST_KEY_UISupportedInterfaceOrientations_iPad = "UIInterfaceOrientationPortrait UIInterfaceOrientationPortraitUpsideDown UIInterfaceOrientationLandscapeLeft UIInterfaceOrientationLandscapeRight";
				INFOPLIST_KEY_UISupportedInterfaceOrientations_iPhone = "UIInterfaceOrientationPortrait UIInterfaceOrientationLandscapeLeft UIInterfaceOrientationLandscapeRight";
				LD_RUNPATH_SEARCH_PATHS = (
					"$(inherited)",
					"@executable_path/Frameworks",
				);
				MARKETING_VERSION = 1.0;
				PRODUCT_BUNDLE_IDENTIFIER = com.nFactorialIncubator.nFactorialAtHogwarts;
				PRODUCT_NAME = "$(TARGET_NAME)";
				SWIFT_EMIT_LOC_STRINGS = YES;
				SWIFT_VERSION = 5.0;
				TARGETED_DEVICE_FAMILY = "1,2";
			};
			name = Release;
		};
		FE3359CC2A4DBB2C0076B3D1 /* Debug */ = {
			isa = XCBuildConfiguration;
			buildSettings = {
				ALWAYS_EMBED_SWIFT_STANDARD_LIBRARIES = YES;
				BUNDLE_LOADER = "$(TEST_HOST)";
				CODE_SIGN_STYLE = Automatic;
				CURRENT_PROJECT_VERSION = 1;
				DEVELOPMENT_TEAM = 5L5YRGU8Z8;
				GENERATE_INFOPLIST_FILE = YES;
				IPHONEOS_DEPLOYMENT_TARGET = 16.1;
				MARKETING_VERSION = 1.0;
				PRODUCT_BUNDLE_IDENTIFIER = com.nFactorialIncubator.nFactorialAtHogwartsTests;
				PRODUCT_NAME = "$(TARGET_NAME)";
				SWIFT_EMIT_LOC_STRINGS = NO;
				SWIFT_VERSION = 5.0;
				TARGETED_DEVICE_FAMILY = "1,2";
				TEST_HOST = "$(BUILT_PRODUCTS_DIR)/nFactorialAtHogwarts.app/$(BUNDLE_EXECUTABLE_FOLDER_PATH)/nFactorialAtHogwarts";
			};
			name = Debug;
		};
		FE3359CD2A4DBB2C0076B3D1 /* Release */ = {
			isa = XCBuildConfiguration;
			buildSettings = {
				ALWAYS_EMBED_SWIFT_STANDARD_LIBRARIES = YES;
				BUNDLE_LOADER = "$(TEST_HOST)";
				CODE_SIGN_STYLE = Automatic;
				CURRENT_PROJECT_VERSION = 1;
				DEVELOPMENT_TEAM = 5L5YRGU8Z8;
				GENERATE_INFOPLIST_FILE = YES;
				IPHONEOS_DEPLOYMENT_TARGET = 16.1;
				MARKETING_VERSION = 1.0;
				PRODUCT_BUNDLE_IDENTIFIER = com.nFactorialIncubator.nFactorialAtHogwartsTests;
				PRODUCT_NAME = "$(TARGET_NAME)";
				SWIFT_EMIT_LOC_STRINGS = NO;
				SWIFT_VERSION = 5.0;
				TARGETED_DEVICE_FAMILY = "1,2";
				TEST_HOST = "$(BUILT_PRODUCTS_DIR)/nFactorialAtHogwarts.app/$(BUNDLE_EXECUTABLE_FOLDER_PATH)/nFactorialAtHogwarts";
			};
			name = Release;
		};
		FE3359CF2A4DBB2C0076B3D1 /* Debug */ = {
			isa = XCBuildConfiguration;
			buildSettings = {
				ALWAYS_EMBED_SWIFT_STANDARD_LIBRARIES = YES;
				CODE_SIGN_STYLE = Automatic;
				CURRENT_PROJECT_VERSION = 1;
				DEVELOPMENT_TEAM = 5L5YRGU8Z8;
				GENERATE_INFOPLIST_FILE = YES;
				MARKETING_VERSION = 1.0;
				PRODUCT_BUNDLE_IDENTIFIER = com.nFactorialIncubator.nFactorialAtHogwartsUITests;
				PRODUCT_NAME = "$(TARGET_NAME)";
				SWIFT_EMIT_LOC_STRINGS = NO;
				SWIFT_VERSION = 5.0;
				TARGETED_DEVICE_FAMILY = "1,2";
				TEST_TARGET_NAME = nFactorialAtHogwarts;
			};
			name = Debug;
		};
		FE3359D02A4DBB2C0076B3D1 /* Release */ = {
			isa = XCBuildConfiguration;
			buildSettings = {
				ALWAYS_EMBED_SWIFT_STANDARD_LIBRARIES = YES;
				CODE_SIGN_STYLE = Automatic;
				CURRENT_PROJECT_VERSION = 1;
				DEVELOPMENT_TEAM = 5L5YRGU8Z8;
				GENERATE_INFOPLIST_FILE = YES;
				MARKETING_VERSION = 1.0;
				PRODUCT_BUNDLE_IDENTIFIER = com.nFactorialIncubator.nFactorialAtHogwartsUITests;
				PRODUCT_NAME = "$(TARGET_NAME)";
				SWIFT_EMIT_LOC_STRINGS = NO;
				SWIFT_VERSION = 5.0;
				TARGETED_DEVICE_FAMILY = "1,2";
				TEST_TARGET_NAME = nFactorialAtHogwarts;
			};
			name = Release;
		};
/* End XCBuildConfiguration section */

/* Begin XCConfigurationList section */
		FE33599A2A4DBB280076B3D1 /* Build configuration list for PBXProject "nFactorialAtHogwarts" */ = {
			isa = XCConfigurationList;
			buildConfigurations = (
				FE3359C62A4DBB2C0076B3D1 /* Debug */,
				FE3359C72A4DBB2C0076B3D1 /* Release */,
			);
			defaultConfigurationIsVisible = 0;
			defaultConfigurationName = Release;
		};
		FE3359C82A4DBB2C0076B3D1 /* Build configuration list for PBXNativeTarget "nFactorialAtHogwarts" */ = {
			isa = XCConfigurationList;
			buildConfigurations = (
				FE3359C92A4DBB2C0076B3D1 /* Debug */,
				FE3359CA2A4DBB2C0076B3D1 /* Release */,
			);
			defaultConfigurationIsVisible = 0;
			defaultConfigurationName = Release;
		};
		FE3359CB2A4DBB2C0076B3D1 /* Build configuration list for PBXNativeTarget "nFactorialAtHogwartsTests" */ = {
			isa = XCConfigurationList;
			buildConfigurations = (
				FE3359CC2A4DBB2C0076B3D1 /* Debug */,
				FE3359CD2A4DBB2C0076B3D1 /* Release */,
			);
			defaultConfigurationIsVisible = 0;
			defaultConfigurationName = Release;
		};
		FE3359CE2A4DBB2C0076B3D1 /* Build configuration list for PBXNativeTarget "nFactorialAtHogwartsUITests" */ = {
			isa = XCConfigurationList;
			buildConfigurations = (
				FE3359CF2A4DBB2C0076B3D1 /* Debug */,
				FE3359D02A4DBB2C0076B3D1 /* Release */,
			);
			defaultConfigurationIsVisible = 0;
			defaultConfigurationName = Release;
		};
/* End XCConfigurationList section */

/* Begin XCVersionGroup section */
		FE3359AD2A4DBB2C0076B3D1 /* nFactorialAtHogwarts.xcdatamodeld */ = {
			isa = XCVersionGroup;
			children = (
				FE3359AE2A4DBB2C0076B3D1 /* nFactorialAtHogwarts.xcdatamodel */,
			);
			currentVersion = FE3359AE2A4DBB2C0076B3D1 /* nFactorialAtHogwarts.xcdatamodel */;
			path = nFactorialAtHogwarts.xcdatamodeld;
			sourceTree = "<group>";
			versionGroupType = wrapper.xcdatamodel;
		};
/* End XCVersionGroup section */
	};
	rootObject = FE3359972A4DBB280076B3D1 /* Project object */;
}
